// !$*UTF8*$!
{
	archiveVersion = 1;
	classes = {
	};
	objectVersion = 46;
	objects = {

/* Begin PBXBuildFile section */
		7DF92D521F29F3B0005A26BF /* AppDelegate.swift in Sources */ = {isa = PBXBuildFile; fileRef = 7DF92D511F29F3B0005A26BF /* AppDelegate.swift */; };
		7DF92D541F29F3B0005A26BF /* ViewController.swift in Sources */ = {isa = PBXBuildFile; fileRef = 7DF92D531F29F3B0005A26BF /* ViewController.swift */; };
		7DF92D571F29F3B0005A26BF /* Main.storyboard in Resources */ = {isa = PBXBuildFile; fileRef = 7DF92D551F29F3B0005A26BF /* Main.storyboard */; };
		7DF92D591F29F3B0005A26BF /* Assets.xcassets in Resources */ = {isa = PBXBuildFile; fileRef = 7DF92D581F29F3B0005A26BF /* Assets.xcassets */; };
		7DF92D5C1F29F3B0005A26BF /* LaunchScreen.storyboard in Resources */ = {isa = PBXBuildFile; fileRef = 7DF92D5A1F29F3B0005A26BF /* LaunchScreen.storyboard */; };
/* End PBXBuildFile section */

/* Begin PBXFileReference section */
		7DF92D4E1F29F3B0005A26BF /* Glory Days.app */ = {isa = PBXFileReference; explicitFileType = wrapper.application; includeInIndex = 0; path = "Glory Days.app"; sourceTree = BUILT_PRODUCTS_DIR; };
		7DF92D511F29F3B0005A26BF /* AppDelegate.swift */ = {isa = PBXFileReference; lastKnownFileType = sourcecode.swift; path = AppDelegate.swift; sourceTree = "<group>"; };
		7DF92D531F29F3B0005A26BF /* ViewController.swift */ = {isa = PBXFileReference; lastKnownFileType = sourcecode.swift; path = ViewController.swift; sourceTree = "<group>"; };
		7DF92D561F29F3B0005A26BF /* Base */ = {isa = PBXFileReference; lastKnownFileType = file.storyboard; name = Base; path = Base.lproj/Main.storyboard; sourceTree = "<group>"; };
		7DF92D581F29F3B0005A26BF /* Assets.xcassets */ = {isa = PBXFileReference; lastKnownFileType = folder.assetcatalog; path = Assets.xcassets; sourceTree = "<group>"; };
		7DF92D5B1F29F3B0005A26BF /* Base */ = {isa = PBXFileReference; lastKnownFileType = file.storyboard; name = Base; path = Base.lproj/LaunchScreen.storyboard; sourceTree = "<group>"; };
		7DF92D5D1F29F3B0005A26BF /* Info.plist */ = {isa = PBXFileReference; lastKnownFileType = text.plist.xml; path = Info.plist; sourceTree = "<group>"; };
/* End PBXFileReference section */

/* Begin PBXFrameworksBuildPhase section */
		7DF92D4B1F29F3B0005A26BF /* Frameworks */ = {
			isa = PBXFrameworksBuildPhase;
			buildActionMask = 2147483647;
			files = (
			);
			runOnlyForDeploymentPostprocessing = 0;
		};
/* End PBXFrameworksBuildPhase section */

/* Begin PBXGroup section */
		7DF92D451F29F3B0005A26BF = {
			isa = PBXGroup;
			children = (
				7DF92D501F29F3B0005A26BF /* Glory Days */,
				7DF92D4F1F29F3B0005A26BF /* Products */,
			);
			sourceTree = "<group>";
		};
		7DF92D4F1F29F3B0005A26BF /* Products */ = {
			isa = PBXGroup;
			children = (
				7DF92D4E1F29F3B0005A26BF /* Glory Days.app */,
			);
			name = Products;
			sourceTree = "<group>";
		};
		7DF92D501F29F3B0005A26BF /* Glory Days */ = {
			isa = PBXGroup;
			children = (
				7DF92D511F29F3B0005A26BF /* AppDelegate.swift */,
				7DF92D531F29F3B0005A26BF /* ViewController.swift */,
				7DF92D551F29F3B0005A26BF /* Main.storyboard */,
				7DF92D581F29F3B0005A26BF /* Assets.xcassets */,
				7DF92D5A1F29F3B0005A26BF /* LaunchScreen.storyboard */,
				7DF92D5D1F29F3B0005A26BF /* Info.plist */,
			);
			path = "Glory Days";
			sourceTree = "<group>";
		};
/* End PBXGroup section */

/* Begin PBXNativeTarget section */
		7DF92D4D1F29F3B0005A26BF /* Glory Days */ = {
			isa = PBXNativeTarget;
			buildConfigurationList = 7DF92D601F29F3B0005A26BF /* Build configuration list for PBXNativeTarget "Glory Days" */;
			buildPhases = (
				7DF92D4A1F29F3B0005A26BF /* Sources */,
				7DF92D4B1F29F3B0005A26BF /* Frameworks */,
				7DF92D4C1F29F3B0005A26BF /* Resources */,
			);
			buildRules = (
			);
			dependencies = (
			);
			name = "Glory Days";
			productName = "Glory Days";
			productReference = 7DF92D4E1F29F3B0005A26BF /* Glory Days.app */;
			productType = "com.apple.product-type.application";
		};
/* End PBXNativeTarget section */

/* Begin PBXProject section */
		7DF92D461F29F3B0005A26BF /* Project object */ = {
			isa = PBXProject;
			attributes = {
				LastSwiftUpdateCheck = 0830;
				LastUpgradeCheck = 0830;
				ORGANIZATIONNAME = "Juan carlos";
				TargetAttributes = {
					7DF92D4D1F29F3B0005A26BF = {
						CreatedOnToolsVersion = 8.3.3;
						DevelopmentTeam = JBGK2DQZ3H;
						ProvisioningStyle = Automatic;
					};
				};
			};
			buildConfigurationList = 7DF92D491F29F3B0005A26BF /* Build configuration list for PBXProject "Glory Days" */;
			compatibilityVersion = "Xcode 3.2";
			developmentRegion = English;
			hasScannedForEncodings = 0;
			knownRegions = (
				en,
				Base,
			);
			mainGroup = 7DF92D451F29F3B0005A26BF;
			productRefGroup = 7DF92D4F1F29F3B0005A26BF /* Products */;
			projectDirPath = "";
			projectRoot = "";
			targets = (
				7DF92D4D1F29F3B0005A26BF /* Glory Days */,
			);
		};
/* End PBXProject section */

/* Begin PBXResourcesBuildPhase section */
		7DF92D4C1F29F3B0005A26BF /* Resources */ = {
			isa = PBXResourcesBuildPhase;
			buildActionMask = 2147483647;
			files = (
				7DF92D5C1F29F3B0005A26BF /* LaunchScreen.storyboard in Resources */,
				7DF92D591F29F3B0005A26BF /* Assets.xcassets in Resources */,
				7DF92D571F29F3B0005A26BF /* Main.storyboard in Resources */,
			);
			runOnlyForDeploymentPostprocessing = 0;
		};
/* End PBXResourcesBuildPhase section */

/* Begin PBXSourcesBuildPhase section */
		7DF92D4A1F29F3B0005A26BF /* Sources */ = {
			isa = PBXSourcesBuildPhase;
			buildActionMask = 2147483647;
			files = (
				7DF92D541F29F3B0005A26BF /* ViewController.swift in Sources */,
				7DF92D521F29F3B0005A26BF /* AppDelegate.swift in Sources */,
			);
			runOnlyForDeploymentPostprocessing = 0;
		};
/* End PBXSourcesBuildPhase section */

/* Begin PBXVariantGroup section */
		7DF92D551F29F3B0005A26BF /* Main.storyboard */ = {
			isa = PBXVariantGroup;
			children = (
				7DF92D561F29F3B0005A26BF /* Base */,
			);
			name = Main.storyboard;
			sourceTree = "<group>";
		};
		7DF92D5A1F29F3B0005A26BF /* LaunchScreen.storyboard */ = {
			isa = PBXVariantGroup;
			children = (
				7DF92D5B1F29F3B0005A26BF /* Base */,
			);
			name = LaunchScreen.storyboard;
			sourceTree = "<group>";
		};
/* End PBXVariantGroup section */

/* Begin XCBuildConfiguration section */
		7DF92D5E1F29F3B0005A26BF /* Debug */ = {
			isa = XCBuildConfiguration;
			buildSettings = {
				ALWAYS_SEARCH_USER_PATHS = NO;
				CLANG_ANALYZER_NONNULL = YES;
				CLANG_ANALYZER_NUMBER_OBJECT_CONVERSION = YES_AGGRESSIVE;
				CLANG_CXX_LANGUAGE_STANDARD = "gnu++0x";
				CLANG_CXX_LIBRARY = "libc++";
				CLANG_ENABLE_MODULES = YES;
				CLANG_ENABLE_OBJC_ARC = YES;
				CLANG_WARN_BOOL_CONVERSION = YES;
				CLANG_WARN_CONSTANT_CONVERSION = YES;
				CLANG_WARN_DIRECT_OBJC_ISA_USAGE = YES_ERROR;
				CLANG_WARN_DOCUMENTATION_COMMENTS = YES;
				CLANG_WARN_EMPTY_BODY = YES;
				CLANG_WARN_ENUM_CONVERSION = YES;
				CLANG_WARN_INFINITE_RECURSION = YES;
				CLANG_WARN_INT_CONVERSION = YES;
				CLANG_WARN_OBJC_ROOT_CLASS = YES_ERROR;
				CLANG_WARN_SUSPICIOUS_MOVE = YES;
				CLANG_WARN_UNREACHABLE_CODE = YES;
				CLANG_WARN__DUPLICATE_METHOD_MATCH = YES;
				"CODE_SIGN_IDENTITY[sdk=iphoneos*]" = "iPhone Developer";
				COPY_PHASE_STRIP = NO;
				DEBUG_INFORMATION_FORMAT = dwarf;
				ENABLE_STRICT_OBJC_MSGSEND = YES;
				ENABLE_TESTABILITY = YES;
				GCC_C_LANGUAGE_STANDARD = gnu99;
				GCC_DYNAMIC_NO_PIC = NO;
				GCC_NO_COMMON_BLOCKS = YES;
				GCC_OPTIMIZATION_LEVEL = 0;
				GCC_PREPROCESSOR_DEFINITIONS = (
					"DEBUG=1",
					"$(inherited)",
				);
				GCC_WARN_64_TO_32_BIT_CONVERSION = YES;
				GCC_WARN_ABOUT_RETURN_TYPE = YES_ERROR;
				GCC_WARN_UNDECLARED_SELECTOR = YES;
				GCC_WARN_UNINITIALIZED_AUTOS = YES_AGGRESSIVE;
				GCC_WARN_UNUSED_FUNCTION = YES;
				GCC_WARN_UNUSED_VARIABLE = YES;
				IPHONEOS_DEPLOYMENT_TARGET = 10.3;
				MTL_ENABLE_DEBUG_INFO = YES;
				ONLY_ACTIVE_ARCH = YES;
				SDKROOT = iphoneos;
				SWIFT_ACTIVE_COMPILATION_CONDITIONS = DEBUG;
				SWIFT_OPTIMIZATION_LEVEL = "-Onone";
				TARGETED_DEVICE_FAMILY = "1,2";
			};
			name = Debug;
		};
		7DF92D5F1F29F3B0005A26BF /* Release */ = {
			isa = XCBuildConfiguration;
			buildSettings = {
				ALWAYS_SEARCH_USER_PATHS = NO;
				CLANG_ANALYZER_NONNULL = YES;
				CLANG_ANALYZER_NUMBER_OBJECT_CONVERSION = YES_AGGRESSIVE;
				CLANG_CXX_LANGUAGE_STANDARD = "gnu++0x";
				CLANG_CXX_LIBRARY = "libc++";
				CLANG_ENABLE_MODULES = YES;
				CLANG_ENABLE_OBJC_ARC = YES;
				CLANG_WARN_BOOL_CONVERSION = YES;
				CLANG_WARN_CONSTANT_CONVERSION = YES;
				CLANG_WARN_DIRECT_OBJC_ISA_USAGE = YES_ERROR;
				CLANG_WARN_DOCUMENTATION_COMMENTS = YES;
				CLANG_WARN_EMPTY_BODY = YES;
				CLANG_WARN_ENUM_CONVERSION = YES;
				CLANG_WARN_INFINITE_RECURSION = YES;
				CLANG_WARN_INT_CONVERSION = YES;
				CLANG_WARN_OBJC_ROOT_CLASS = YES_ERROR;
				CLANG_WARN_SUSPICIOUS_MOVE = YES;
				CLANG_WARN_UNREACHABLE_CODE = YES;
				CLANG_WARN__DUPLICATE_METHOD_MATCH = YES;
				"CODE_SIGN_IDENTITY[sdk=iphoneos*]" = "iPhone Developer";
				COPY_PHASE_STRIP = NO;
				DEBUG_INFORMATION_FORMAT = "dwarf-with-dsym";
				ENABLE_NS_ASSERTIONS = NO;
				ENABLE_STRICT_OBJC_MSGSEND = YES;
				GCC_C_LANGUAGE_STANDARD = gnu99;
				GCC_NO_COMMON_BLOCKS = YES;
				GCC_WARN_64_TO_32_BIT_CONVERSION = YES;
				GCC_WARN_ABOUT_RETURN_TYPE = YES_ERROR;
				GCC_WARN_UNDECLARED_SELECTOR = YES;
				GCC_WARN_UNINITIALIZED_AUTOS = YES_AGGRESSIVE;
				GCC_WARN_UNUSED_FUNCTION = YES;
				GCC_WARN_UNUSED_VARIABLE = YES;
				IPHONEOS_DEPLOYMENT_TARGET = 10.3;
				MTL_ENABLE_DEBUG_INFO = NO;
				SDKROOT = iphoneos;
				SWIFT_OPTIMIZATION_LEVEL = "-Owholemodule";
				TARGETED_DEVICE_FAMILY = "1,2";
				VALIDATE_PRODUCT = YES;
			};
			name = Release;
		};
		7DF92D611F29F3B0005A26BF /* Debug */ = {
			isa = XCBuildConfiguration;
			buildSettings = {
				ASSETCATALOG_COMPILER_APPICON_NAME = AppIcon;
				DEVELOPMENT_TEAM = JBGK2DQZ3H;
				INFOPLIST_FILE = "Glory Days/Info.plist";
				LD_RUNPATH_SEARCH_PATHS = "$(inherited) @executable_path/Frameworks";
				PRODUCT_BUNDLE_IDENTIFIER = "com.juanca.Glory-Days";
				PRODUCT_NAME = "$(TARGET_NAME)";
				SWIFT_VERSION = 3.0;
			};
			name = Debug;
		};
		7DF92D621F29F3B0005A26BF /* Release */ = {
			isa = XCBuildConfiguration;
			buildSettings = {
				ASSETCATALOG_COMPILER_APPICON_NAME = AppIcon;
				DEVELOPMENT_TEAM = JBGK2DQZ3H;
				INFOPLIST_FILE = "Glory Days/Info.plist";
				LD_RUNPATH_SEARCH_PATHS = "$(inherited) @executable_path/Frameworks";
				PRODUCT_BUNDLE_IDENTIFIER = "com.juanca.Glory-Days";
				PRODUCT_NAME = "$(TARGET_NAME)";
				SWIFT_VERSION = 3.0;
			};
			name = Release;
		};
/* End XCBuildConfiguration section */

/* Begin XCConfigurationList section */
		7DF92D491F29F3B0005A26BF /* Build configuration list for PBXProject "Glory Days" */ = {
			isa = XCConfigurationList;
			buildConfigurations = (
				7DF92D5E1F29F3B0005A26BF /* Debug */,
				7DF92D5F1F29F3B0005A26BF /* Release */,
			);
			defaultConfigurationIsVisible = 0;
			defaultConfigurationName = Release;
		};
		7DF92D601F29F3B0005A26BF /* Build configuration list for PBXNativeTarget "Glory Days" */ = {
			isa = XCConfigurationList;
			buildConfigurations = (
				7DF92D611F29F3B0005A26BF /* Debug */,
				7DF92D621F29F3B0005A26BF /* Release */,
			);
			defaultConfigurationIsVisible = 0;
		};
/* End XCConfigurationList section */
	};
	rootObject = 7DF92D461F29F3B0005A26BF /* Project object */;
}
